<Solution>
  <Project Path="Punto1/Punto1.csproj" Id="6c7e78ef-5d48-4fb5-b82e-d43f0bb0e969" />
  <Project Path="Punto2/Punto2.csproj" Id="c27d3abb-3f9a-461e-a8a4-e1aecf1e10f0" />
  <Project Path="Punto3/Punto3.csproj" Id="15c0e36f-a502-4448-9e35-231330d67645" />
  <Project Path="Punto4/Punto4.csproj" Id="7cfe2fdf-083e-4061-88eb-04189e559c90" />
</Solution>
