<Solution>
  <Project Path="Punto1/Punto1.csproj" Id="4356f765-8bbe-49e4-b27a-eafd7f017230" />
  <Project Path="Punto2/Punto2.csproj" Id="2add317e-9560-47c2-9e2d-4cd1bc8951be" />
  <Project Path="Punto3/Punto3.csproj" Id="bab28258-c245-4a19-85d9-ccb42f9d7dbd" />
  <Project Path="Punto4/Punto4.csproj" Id="7ce54e3f-0472-48f2-a5a6-37437906b2cb" />
  <Project Path="Punto5/Punto5.csproj" Id="8cb68580-e68a-462d-a36e-0a202b632b8e" />
</Solution>
