<Solution>
  <Project Path="Punto1/Punto1.csproj" Id="53580de9-1d3a-4de6-b713-3769bbefe003" />
  <Project Path="Punto2/Punto2.csproj" Id="ac8ccd7e-eaed-479e-9e4e-9d7a6aab6cca" />
  <Project Path="Punto3/Punto3.csproj" Id="84467fee-c709-41bd-a136-04c03ff2fc97" />
  <Project Path="Punto4/Punto4.csproj" Id="1c1b3d85-55f8-409b-92f3-06e4aa31e1e4" />
  <Project Path="Punto5/Punto5.csproj" Id="80433167-faa4-4eb2-b9ff-a53ece038641" />
</Solution>
